
Microsoft Visual Studio Solution File, Format Version 12.00
# Visual Studio Version 17
VisualStudioVersion = 17.6.33815.320
MinimumVisualStudioVersion = 10.0.40219.1
Project("{9A19103F-16F7-4668-BE54-9A1E7A4F7556}") = "Store", "Store\Store.csproj", "{340B5CDD-5DA2-4C50-873C-E8DDFE21DC87}"
EndProject
Global
	GlobalSection(SolutionConfigurationPlatforms) = preSolution
		Debug|Any CPU = Debug|Any CPU
		Release|Any CPU = Release|Any CPU
	EndGlobalSection
	GlobalSection(ProjectConfigurationPlatforms) = postSolution
		{340B5CDD-5DA2-4C50-873C-E8DDFE21DC87}.Debug|Any CPU.ActiveCfg = Debug|Any CPU
		{340B5CDD-5DA2-4C50-873C-E8DDFE21DC87}.Debug|Any CPU.Build.0 = Debug|Any CPU
		{340B5CDD-5DA2-4C50-873C-E8DDFE21DC87}.Release|Any CPU.ActiveCfg = Release|Any CPU
		{340B5CDD-5DA2-4C50-873C-E8DDFE21DC87}.Release|Any CPU.Build.0 = Release|Any CPU
	EndGlobalSection
	GlobalSection(SolutionProperties) = preSolution
		HideSolutionNode = FALSE
	EndGlobalSection
	GlobalSection(ExtensibilityGlobals) = postSolution
		SolutionGuid = {6410570B-DC16-4E41-9C41-1F65EAFE8121}
	EndGlobalSection
EndGlobal
